
Microsoft Visual Studio Solution File, Format Version 12.00
# Visual Studio 2012
Project("{FAE04EC0-301F-11D3-BF4B-00C04F79EFBC}") = "koleksiyonlar", "koleksiyonlar\koleksiyonlar.csproj", "{83F9E030-5EAF-4EBC-B93C-A4E2F8655EE8}"
EndProject
Global
	GlobalSection(SolutionConfigurationPlatforms) = preSolution
		Debug|Any CPU = Debug|Any CPU
		Release|Any CPU = Release|Any CPU
	EndGlobalSection
	GlobalSection(ProjectConfigurationPlatforms) = postSolution
		{83F9E030-5EAF-4EBC-B93C-A4E2F8655EE8}.Debug|Any CPU.ActiveCfg = Debug|Any CPU
		{83F9E030-5EAF-4EBC-B93C-A4E2F8655EE8}.Debug|Any CPU.Build.0 = Debug|Any CPU
		{83F9E030-5EAF-4EBC-B93C-A4E2F8655EE8}.Release|Any CPU.ActiveCfg = Release|Any CPU
		{83F9E030-5EAF-4EBC-B93C-A4E2F8655EE8}.Release|Any CPU.Build.0 = Release|Any CPU
	EndGlobalSection
	GlobalSection(SolutionProperties) = preSolution
		HideSolutionNode = FALSE
	EndGlobalSection
EndGlobal
